{
  "name": "workspace",
  "lockfileVersion": 3,
  "requires": true,
  "packages": {
    "": {
      "dependencies": {
        "localai": "^0.0.1"
      }
    },
    "node_modules/localai": {
      "version": "0.0.1",
      "resolved": "https://registry.npmjs.org/localai/-/localai-0.0.1.tgz",
      "integrity": "sha512-sHdIe5DJ4EkWdF96OsmCv3MesHsjWyzKU1cCkOhbLJubirP1yt/9Xc1rvMeuX0kh79LT2Uyn2/Nl6QkftOakNA==",
      "license": "ISC"
    }
  }
}
